
Microsoft Visual Studio Solution File, Format Version 12.00
# Visual Studio Version 17
VisualStudioVersion = 17.14.36811.4 d17.14
MinimumVisualStudioVersion = 10.0.40219.1
Project("{FAE04EC0-301F-11D3-BF4B-00C04F79EFBC}") = "test2", "test2\test2.csproj", "{0278370A-B448-4655-BFF6-92E3BE9B3792}"
EndProject
Global
	GlobalSection(SolutionConfigurationPlatforms) = preSolution
		Debug|Any CPU = Debug|Any CPU
		Release|Any CPU = Release|Any CPU
	EndGlobalSection
	GlobalSection(ProjectConfigurationPlatforms) = postSolution
		{0278370A-B448-4655-BFF6-92E3BE9B3792}.Debug|Any CPU.ActiveCfg = Debug|Any CPU
		{0278370A-B448-4655-BFF6-92E3BE9B3792}.Debug|Any CPU.Build.0 = Debug|Any CPU
		{0278370A-B448-4655-BFF6-92E3BE9B3792}.Release|Any CPU.ActiveCfg = Release|Any CPU
		{0278370A-B448-4655-BFF6-92E3BE9B3792}.Release|Any CPU.Build.0 = Release|Any CPU
	EndGlobalSection
	GlobalSection(SolutionProperties) = preSolution
		HideSolutionNode = FALSE
	EndGlobalSection
	GlobalSection(ExtensibilityGlobals) = postSolution
		SolutionGuid = {E2ED26BA-E305-49A2-8B4F-B9E05DDB1A65}
	EndGlobalSection
EndGlobal
