
Microsoft Visual Studio Solution File, Format Version 12.00
# Visual Studio Version 17
VisualStudioVersion = 17.14.36811.4 d17.14
MinimumVisualStudioVersion = 10.0.40219.1
Project("{FAE04EC0-301F-11D3-BF4B-00C04F79EFBC}") = "test3", "test3\test3.csproj", "{B8E9797F-22A4-4F37-B1D6-62D535DDBCD6}"
EndProject
Global
	GlobalSection(SolutionConfigurationPlatforms) = preSolution
		Debug|Any CPU = Debug|Any CPU
		Release|Any CPU = Release|Any CPU
	EndGlobalSection
	GlobalSection(ProjectConfigurationPlatforms) = postSolution
		{B8E9797F-22A4-4F37-B1D6-62D535DDBCD6}.Debug|Any CPU.ActiveCfg = Debug|Any CPU
		{B8E9797F-22A4-4F37-B1D6-62D535DDBCD6}.Debug|Any CPU.Build.0 = Debug|Any CPU
		{B8E9797F-22A4-4F37-B1D6-62D535DDBCD6}.Release|Any CPU.ActiveCfg = Release|Any CPU
		{B8E9797F-22A4-4F37-B1D6-62D535DDBCD6}.Release|Any CPU.Build.0 = Release|Any CPU
	EndGlobalSection
	GlobalSection(SolutionProperties) = preSolution
		HideSolutionNode = FALSE
	EndGlobalSection
	GlobalSection(ExtensibilityGlobals) = postSolution
		SolutionGuid = {CAB2D6BA-1B32-4539-BE6D-3793FC8737F7}
	EndGlobalSection
EndGlobal
