
Microsoft Visual Studio Solution File, Format Version 12.00
# Visual Studio Version 17
VisualStudioVersion = 17.14.36811.4 d17.14
MinimumVisualStudioVersion = 10.0.40219.1
Project("{FAE04EC0-301F-11D3-BF4B-00C04F79EFBC}") = "test5", "test5\test5.csproj", "{3F01B7D8-72F1-49CF-8B21-87D9128FA978}"
EndProject
Global
	GlobalSection(SolutionConfigurationPlatforms) = preSolution
		Debug|Any CPU = Debug|Any CPU
		Release|Any CPU = Release|Any CPU
	EndGlobalSection
	GlobalSection(ProjectConfigurationPlatforms) = postSolution
		{3F01B7D8-72F1-49CF-8B21-87D9128FA978}.Debug|Any CPU.ActiveCfg = Debug|Any CPU
		{3F01B7D8-72F1-49CF-8B21-87D9128FA978}.Debug|Any CPU.Build.0 = Debug|Any CPU
		{3F01B7D8-72F1-49CF-8B21-87D9128FA978}.Release|Any CPU.ActiveCfg = Release|Any CPU
		{3F01B7D8-72F1-49CF-8B21-87D9128FA978}.Release|Any CPU.Build.0 = Release|Any CPU
	EndGlobalSection
	GlobalSection(SolutionProperties) = preSolution
		HideSolutionNode = FALSE
	EndGlobalSection
	GlobalSection(ExtensibilityGlobals) = postSolution
		SolutionGuid = {1F0002E6-E6B0-46B4-A39B-51D74F8A8747}
	EndGlobalSection
EndGlobal
