
Microsoft Visual Studio Solution File, Format Version 12.00
# Visual Studio Version 17
VisualStudioVersion = 17.14.36811.4 d17.14
MinimumVisualStudioVersion = 10.0.40219.1
Project("{FAE04EC0-301F-11D3-BF4B-00C04F79EFBC}") = "test2", "test2\test2.csproj", "{CCA39EDF-49D0-4AC4-B922-99CBCBB74F99}"
EndProject
Global
	GlobalSection(SolutionConfigurationPlatforms) = preSolution
		Debug|Any CPU = Debug|Any CPU
		Release|Any CPU = Release|Any CPU
	EndGlobalSection
	GlobalSection(ProjectConfigurationPlatforms) = postSolution
		{CCA39EDF-49D0-4AC4-B922-99CBCBB74F99}.Debug|Any CPU.ActiveCfg = Debug|Any CPU
		{CCA39EDF-49D0-4AC4-B922-99CBCBB74F99}.Debug|Any CPU.Build.0 = Debug|Any CPU
		{CCA39EDF-49D0-4AC4-B922-99CBCBB74F99}.Release|Any CPU.ActiveCfg = Release|Any CPU
		{CCA39EDF-49D0-4AC4-B922-99CBCBB74F99}.Release|Any CPU.Build.0 = Release|Any CPU
	EndGlobalSection
	GlobalSection(SolutionProperties) = preSolution
		HideSolutionNode = FALSE
	EndGlobalSection
	GlobalSection(ExtensibilityGlobals) = postSolution
		SolutionGuid = {F87647AF-9AC4-4FBC-9460-EA8282A93B15}
	EndGlobalSection
EndGlobal
